
Microsoft Visual Studio Solution File, Format Version 12.00
Project("{FAE04EC0-301F-11D3-BF4B-00C04F79EFBC}") = "msgqNET", "msgqNET\msgqNET.csproj", "{35ADFB30-F598-4BCE-8E79-4EAE6574AEA5}"
EndProject
Project("{FAE04EC0-301F-11D3-BF4B-00C04F79EFBC}") = "TestApp", "TestApp\TestApp.csproj", "{2BB81E27-6E0B-4E6D-A559-BA1B274AD4ED}"
EndProject
Global
	GlobalSection(SolutionConfigurationPlatforms) = preSolution
		Debug|Any CPU = Debug|Any CPU
		Release|Any CPU = Release|Any CPU
	EndGlobalSection
	GlobalSection(ProjectConfigurationPlatforms) = postSolution
		{35ADFB30-F598-4BCE-8E79-4EAE6574AEA5}.Debug|Any CPU.ActiveCfg = Debug|Any CPU
		{35ADFB30-F598-4BCE-8E79-4EAE6574AEA5}.Debug|Any CPU.Build.0 = Debug|Any CPU
		{35ADFB30-F598-4BCE-8E79-4EAE6574AEA5}.Release|Any CPU.ActiveCfg = Release|Any CPU
		{35ADFB30-F598-4BCE-8E79-4EAE6574AEA5}.Release|Any CPU.Build.0 = Release|Any CPU
		{2BB81E27-6E0B-4E6D-A559-BA1B274AD4ED}.Debug|Any CPU.ActiveCfg = Debug|Any CPU
		{2BB81E27-6E0B-4E6D-A559-BA1B274AD4ED}.Debug|Any CPU.Build.0 = Debug|Any CPU
		{2BB81E27-6E0B-4E6D-A559-BA1B274AD4ED}.Release|Any CPU.ActiveCfg = Release|Any CPU
		{2BB81E27-6E0B-4E6D-A559-BA1B274AD4ED}.Release|Any CPU.Build.0 = Release|Any CPU
	EndGlobalSection
EndGlobal
